// !$*UTF8*$!
{
	archiveVersion = 1;
	classes = {
	};
	objectVersion = 46;
	objects = {

/* Begin PBXBuildFile section */
		648A4F501B91418F00B78C2B /* AppDelegate.swift in Sources */ = {isa = PBXBuildFile; fileRef = 648A4F4F1B91418F00B78C2B /* AppDelegate.swift */; };
		648A4F521B91418F00B78C2B /* ViewController.swift in Sources */ = {isa = PBXBuildFile; fileRef = 648A4F511B91418F00B78C2B /* ViewController.swift */; };
		648A4F551B91418F00B78C2B /* Main.storyboard in Resources */ = {isa = PBXBuildFile; fileRef = 648A4F531B91418F00B78C2B /* Main.storyboard */; };
		648A4F571B91418F00B78C2B /* Images.xcassets in Resources */ = {isa = PBXBuildFile; fileRef = 648A4F561B91418F00B78C2B /* Images.xcassets */; };
		648A4F5A1B91418F00B78C2B /* LaunchScreen.xib in Resources */ = {isa = PBXBuildFile; fileRef = 648A4F581B91418F00B78C2B /* LaunchScreen.xib */; };
		648A4F661B91418F00B78C2B /* TrainingPlanTests.swift in Sources */ = {isa = PBXBuildFile; fileRef = 648A4F651B91418F00B78C2B /* TrainingPlanTests.swift */; };
		648A4F791B9141B900B78C2B /* InterfaceController.swift in Sources */ = {isa = PBXBuildFile; fileRef = 648A4F781B9141B900B78C2B /* InterfaceController.swift */; };
		648A4F7B1B9141B900B78C2B /* NotificationController.swift in Sources */ = {isa = PBXBuildFile; fileRef = 648A4F7A1B9141B900B78C2B /* NotificationController.swift */; };
		648A4F7D1B9141B900B78C2B /* GlanceController.swift in Sources */ = {isa = PBXBuildFile; fileRef = 648A4F7C1B9141B900B78C2B /* GlanceController.swift */; };
		648A4F7F1B9141B900B78C2B /* Images.xcassets in Resources */ = {isa = PBXBuildFile; fileRef = 648A4F7E1B9141B900B78C2B /* Images.xcassets */; };
		648A4F831B9141B900B78C2B /* TrainingPlan WatchKit App.app in Resources */ = {isa = PBXBuildFile; fileRef = 648A4F821B9141B900B78C2B /* TrainingPlan WatchKit App.app */; };
		648A4F8B1B9141B900B78C2B /* Interface.storyboard in Resources */ = {isa = PBXBuildFile; fileRef = 648A4F891B9141B900B78C2B /* Interface.storyboard */; };
		648A4F8D1B9141B900B78C2B /* Images.xcassets in Resources */ = {isa = PBXBuildFile; fileRef = 648A4F8C1B9141B900B78C2B /* Images.xcassets */; };
		648A4F901B9141B900B78C2B /* TrainingPlan WatchKit Extension.appex in Embed App Extensions */ = {isa = PBXBuildFile; fileRef = 648A4F731B9141B900B78C2B /* TrainingPlan WatchKit Extension.appex */; settings = {ATTRIBUTES = (RemoveHeadersOnCopy, ); }; };
		648A4F991B9158F400B78C2B /* TrainingPlanListViewController.swift in Sources */ = {isa = PBXBuildFile; fileRef = 648A4F981B9158F400B78C2B /* TrainingPlanListViewController.swift */; };
		648A4F9B1B91594800B78C2B /* TrainingPlanViewController.swift in Sources */ = {isa = PBXBuildFile; fileRef = 648A4F9A1B91594800B78C2B /* TrainingPlanViewController.swift */; };
		648A4F9D1B91598B00B78C2B /* TrainingSessionExerciseViewController.swift in Sources */ = {isa = PBXBuildFile; fileRef = 648A4F9C1B91598B00B78C2B /* TrainingSessionExerciseViewController.swift */; };
		648A4F9F1B9159D500B78C2B /* TrainingSessionCompletionViewController.swift in Sources */ = {isa = PBXBuildFile; fileRef = 648A4F9E1B9159D500B78C2B /* TrainingSessionCompletionViewController.swift */; };
		648A4FA31B915CF200B78C2B /* TrainingPlanListItemViewModel.swift in Sources */ = {isa = PBXBuildFile; fileRef = 648A4FA21B915CF200B78C2B /* TrainingPlanListItemViewModel.swift */; };
		648A4FA51B915D0900B78C2B /* TrainingPlanViewModel.swift in Sources */ = {isa = PBXBuildFile; fileRef = 648A4FA41B915D0900B78C2B /* TrainingPlanViewModel.swift */; };
		648A4FA71B915DA700B78C2B /* TrainingSessionExerciseViewModel.swift in Sources */ = {isa = PBXBuildFile; fileRef = 648A4FA61B915DA700B78C2B /* TrainingSessionExerciseViewModel.swift */; };
		648A4FA91B915DB500B78C2B /* TrainingSessionCompletionViewModel.swift in Sources */ = {isa = PBXBuildFile; fileRef = 648A4FA81B915DB500B78C2B /* TrainingSessionCompletionViewModel.swift */; };
/* End PBXBuildFile section */

/* Begin PBXContainerItemProxy section */
		648A4F601B91418F00B78C2B /* PBXContainerItemProxy */ = {
			isa = PBXContainerItemProxy;
			containerPortal = 648A4F421B91418F00B78C2B /* Project object */;
			proxyType = 1;
			remoteGlobalIDString = 648A4F491B91418F00B78C2B;
			remoteInfo = TrainingPlan;
		};
		648A4F841B9141B900B78C2B /* PBXContainerItemProxy */ = {
			isa = PBXContainerItemProxy;
			containerPortal = 648A4F421B91418F00B78C2B /* Project object */;
			proxyType = 1;
			remoteGlobalIDString = 648A4F811B9141B900B78C2B;
			remoteInfo = "TrainingPlan WatchKit App";
		};
		648A4F8E1B9141B900B78C2B /* PBXContainerItemProxy */ = {
			isa = PBXContainerItemProxy;
			containerPortal = 648A4F421B91418F00B78C2B /* Project object */;
			proxyType = 1;
			remoteGlobalIDString = 648A4F721B9141B900B78C2B;
			remoteInfo = "TrainingPlan WatchKit Extension";
		};
/* End PBXContainerItemProxy section */

/* Begin PBXCopyFilesBuildPhase section */
		648A4F971B9141B900B78C2B /* Embed App Extensions */ = {
			isa = PBXCopyFilesBuildPhase;
			buildActionMask = 2147483647;
			dstPath = "";
			dstSubfolderSpec = 13;
			files = (
				648A4F901B9141B900B78C2B /* TrainingPlan WatchKit Extension.appex in Embed App Extensions */,
			);
			name = "Embed App Extensions";
			runOnlyForDeploymentPostprocessing = 0;
		};
/* End PBXCopyFilesBuildPhase section */

/* Begin PBXFileReference section */
		648A4F4A1B91418F00B78C2B /* TrainingPlan.app */ = {isa = PBXFileReference; explicitFileType = wrapper.application; includeInIndex = 0; path = TrainingPlan.app; sourceTree = BUILT_PRODUCTS_DIR; };
		648A4F4E1B91418F00B78C2B /* Info.plist */ = {isa = PBXFileReference; lastKnownFileType = text.plist.xml; path = Info.plist; sourceTree = "<group>"; };
		648A4F4F1B91418F00B78C2B /* AppDelegate.swift */ = {isa = PBXFileReference; lastKnownFileType = sourcecode.swift; path = AppDelegate.swift; sourceTree = "<group>"; };
		648A4F511B91418F00B78C2B /* ViewController.swift */ = {isa = PBXFileReference; lastKnownFileType = sourcecode.swift; path = ViewController.swift; sourceTree = "<group>"; };
		648A4F541B91418F00B78C2B /* Base */ = {isa = PBXFileReference; lastKnownFileType = file.storyboard; name = Base; path = Base.lproj/Main.storyboard; sourceTree = "<group>"; };
		648A4F561B91418F00B78C2B /* Images.xcassets */ = {isa = PBXFileReference; lastKnownFileType = folder.assetcatalog; path = Images.xcassets; sourceTree = "<group>"; };
		648A4F591B91418F00B78C2B /* Base */ = {isa = PBXFileReference; lastKnownFileType = file.xib; name = Base; path = Base.lproj/LaunchScreen.xib; sourceTree = "<group>"; };
		648A4F5F1B91418F00B78C2B /* TrainingPlanTests.xctest */ = {isa = PBXFileReference; explicitFileType = wrapper.cfbundle; includeInIndex = 0; path = TrainingPlanTests.xctest; sourceTree = BUILT_PRODUCTS_DIR; };
		648A4F641B91418F00B78C2B /* Info.plist */ = {isa = PBXFileReference; lastKnownFileType = text.plist.xml; path = Info.plist; sourceTree = "<group>"; };
		648A4F651B91418F00B78C2B /* TrainingPlanTests.swift */ = {isa = PBXFileReference; lastKnownFileType = sourcecode.swift; path = TrainingPlanTests.swift; sourceTree = "<group>"; };
		648A4F731B9141B900B78C2B /* TrainingPlan WatchKit Extension.appex */ = {isa = PBXFileReference; explicitFileType = "wrapper.app-extension"; includeInIndex = 0; path = "TrainingPlan WatchKit Extension.appex"; sourceTree = BUILT_PRODUCTS_DIR; };
		648A4F761B9141B900B78C2B /* Info.plist */ = {isa = PBXFileReference; lastKnownFileType = text.plist.xml; path = Info.plist; sourceTree = "<group>"; };
		648A4F771B9141B900B78C2B /* PushNotificationPayload.apns */ = {isa = PBXFileReference; lastKnownFileType = text; path = PushNotificationPayload.apns; sourceTree = "<group>"; };
		648A4F781B9141B900B78C2B /* InterfaceController.swift */ = {isa = PBXFileReference; lastKnownFileType = sourcecode.swift; path = InterfaceController.swift; sourceTree = "<group>"; };
		648A4F7A1B9141B900B78C2B /* NotificationController.swift */ = {isa = PBXFileReference; lastKnownFileType = sourcecode.swift; path = NotificationController.swift; sourceTree = "<group>"; };
		648A4F7C1B9141B900B78C2B /* GlanceController.swift */ = {isa = PBXFileReference; lastKnownFileType = sourcecode.swift; path = GlanceController.swift; sourceTree = "<group>"; };
		648A4F7E1B9141B900B78C2B /* Images.xcassets */ = {isa = PBXFileReference; lastKnownFileType = folder.assetcatalog; path = Images.xcassets; sourceTree = "<group>"; };
		648A4F821B9141B900B78C2B /* TrainingPlan WatchKit App.app */ = {isa = PBXFileReference; explicitFileType = wrapper.application; includeInIndex = 0; path = "TrainingPlan WatchKit App.app"; sourceTree = BUILT_PRODUCTS_DIR; };
		648A4F881B9141B900B78C2B /* Info.plist */ = {isa = PBXFileReference; lastKnownFileType = text.plist.xml; path = Info.plist; sourceTree = "<group>"; };
		648A4F8A1B9141B900B78C2B /* Base */ = {isa = PBXFileReference; lastKnownFileType = file.storyboard; name = Base; path = Base.lproj/Interface.storyboard; sourceTree = "<group>"; };
		648A4F8C1B9141B900B78C2B /* Images.xcassets */ = {isa = PBXFileReference; lastKnownFileType = folder.assetcatalog; path = Images.xcassets; sourceTree = "<group>"; };
		648A4F981B9158F400B78C2B /* TrainingPlanListViewController.swift */ = {isa = PBXFileReference; fileEncoding = 4; lastKnownFileType = sourcecode.swift; name = TrainingPlanListViewController.swift; path = ../TrainingPlanListViewController.swift; sourceTree = "<group>"; };
		648A4F9A1B91594800B78C2B /* TrainingPlanViewController.swift */ = {isa = PBXFileReference; fileEncoding = 4; lastKnownFileType = sourcecode.swift; name = TrainingPlanViewController.swift; path = ../TrainingPlanViewController.swift; sourceTree = "<group>"; };
		648A4F9C1B91598B00B78C2B /* TrainingSessionExerciseViewController.swift */ = {isa = PBXFileReference; fileEncoding = 4; lastKnownFileType = sourcecode.swift; name = TrainingSessionExerciseViewController.swift; path = ../TrainingSessionExerciseViewController.swift; sourceTree = "<group>"; };
		648A4F9E1B9159D500B78C2B /* TrainingSessionCompletionViewController.swift */ = {isa = PBXFileReference; fileEncoding = 4; lastKnownFileType = sourcecode.swift; name = TrainingSessionCompletionViewController.swift; path = ../TrainingSessionCompletionViewController.swift; sourceTree = "<group>"; };
		648A4FA21B915CF200B78C2B /* TrainingPlanListItemViewModel.swift */ = {isa = PBXFileReference; fileEncoding = 4; lastKnownFileType = sourcecode.swift; path = TrainingPlanListItemViewModel.swift; sourceTree = "<group>"; };
		648A4FA41B915D0900B78C2B /* TrainingPlanViewModel.swift */ = {isa = PBXFileReference; fileEncoding = 4; lastKnownFileType = sourcecode.swift; path = TrainingPlanViewModel.swift; sourceTree = "<group>"; };
		648A4FA61B915DA700B78C2B /* TrainingSessionExerciseViewModel.swift */ = {isa = PBXFileReference; fileEncoding = 4; lastKnownFileType = sourcecode.swift; path = TrainingSessionExerciseViewModel.swift; sourceTree = "<group>"; };
		648A4FA81B915DB500B78C2B /* TrainingSessionCompletionViewModel.swift */ = {isa = PBXFileReference; fileEncoding = 4; lastKnownFileType = sourcecode.swift; path = TrainingSessionCompletionViewModel.swift; sourceTree = "<group>"; };
/* End PBXFileReference section */

/* Begin PBXFrameworksBuildPhase section */
		648A4F471B91418F00B78C2B /* Frameworks */ = {
			isa = PBXFrameworksBuildPhase;
			buildActionMask = 2147483647;
			files = (
			);
			runOnlyForDeploymentPostprocessing = 0;
		};
		648A4F5C1B91418F00B78C2B /* Frameworks */ = {
			isa = PBXFrameworksBuildPhase;
			buildActionMask = 2147483647;
			files = (
			);
			runOnlyForDeploymentPostprocessing = 0;
		};
		648A4F701B9141B900B78C2B /* Frameworks */ = {
			isa = PBXFrameworksBuildPhase;
			buildActionMask = 2147483647;
			files = (
			);
			runOnlyForDeploymentPostprocessing = 0;
		};
/* End PBXFrameworksBuildPhase section */

/* Begin PBXGroup section */
		648A4F411B91418F00B78C2B = {
			isa = PBXGroup;
			children = (
				648A4F4C1B91418F00B78C2B /* TrainingPlan */,
				648A4F621B91418F00B78C2B /* TrainingPlanTests */,
				648A4F741B9141B900B78C2B /* TrainingPlan WatchKit Extension */,
				648A4F861B9141B900B78C2B /* TrainingPlan WatchKit App */,
				648A4F4B1B91418F00B78C2B /* Products */,
			);
			sourceTree = "<group>";
		};
		648A4F4B1B91418F00B78C2B /* Products */ = {
			isa = PBXGroup;
			children = (
				648A4F4A1B91418F00B78C2B /* TrainingPlan.app */,
				648A4F5F1B91418F00B78C2B /* TrainingPlanTests.xctest */,
				648A4F731B9141B900B78C2B /* TrainingPlan WatchKit Extension.appex */,
				648A4F821B9141B900B78C2B /* TrainingPlan WatchKit App.app */,
			);
			name = Products;
			sourceTree = "<group>";
		};
		648A4F4C1B91418F00B78C2B /* TrainingPlan */ = {
			isa = PBXGroup;
			children = (
				648A4FA11B915A5400B78C2B /* ViewModels */,
				648A4FA01B915A2700B78C2B /* ViewControllers */,
				648A4F4F1B91418F00B78C2B /* AppDelegate.swift */,
				648A4F511B91418F00B78C2B /* ViewController.swift */,
				648A4F531B91418F00B78C2B /* Main.storyboard */,
				648A4F561B91418F00B78C2B /* Images.xcassets */,
				648A4F581B91418F00B78C2B /* LaunchScreen.xib */,
				648A4F4D1B91418F00B78C2B /* Supporting Files */,
			);
			path = TrainingPlan;
			sourceTree = "<group>";
		};
		648A4F4D1B91418F00B78C2B /* Supporting Files */ = {
			isa = PBXGroup;
			children = (
				648A4F4E1B91418F00B78C2B /* Info.plist */,
			);
			name = "Supporting Files";
			sourceTree = "<group>";
		};
		648A4F621B91418F00B78C2B /* TrainingPlanTests */ = {
			isa = PBXGroup;
			children = (
				648A4F651B91418F00B78C2B /* TrainingPlanTests.swift */,
				648A4F631B91418F00B78C2B /* Supporting Files */,
			);
			path = TrainingPlanTests;
			sourceTree = "<group>";
		};
		648A4F631B91418F00B78C2B /* Supporting Files */ = {
			isa = PBXGroup;
			children = (
				648A4F641B91418F00B78C2B /* Info.plist */,
			);
			name = "Supporting Files";
			sourceTree = "<group>";
		};
		648A4F741B9141B900B78C2B /* TrainingPlan WatchKit Extension */ = {
			isa = PBXGroup;
			children = (
				648A4F781B9141B900B78C2B /* InterfaceController.swift */,
				648A4F7A1B9141B900B78C2B /* NotificationController.swift */,
				648A4F7C1B9141B900B78C2B /* GlanceController.swift */,
				648A4F7E1B9141B900B78C2B /* Images.xcassets */,
				648A4F751B9141B900B78C2B /* Supporting Files */,
			);
			path = "TrainingPlan WatchKit Extension";
			sourceTree = "<group>";
		};
		648A4F751B9141B900B78C2B /* Supporting Files */ = {
			isa = PBXGroup;
			children = (
				648A4F761B9141B900B78C2B /* Info.plist */,
				648A4F771B9141B900B78C2B /* PushNotificationPayload.apns */,
			);
			name = "Supporting Files";
			sourceTree = "<group>";
		};
		648A4F861B9141B900B78C2B /* TrainingPlan WatchKit App */ = {
			isa = PBXGroup;
			children = (
				648A4F891B9141B900B78C2B /* Interface.storyboard */,
				648A4F8C1B9141B900B78C2B /* Images.xcassets */,
				648A4F871B9141B900B78C2B /* Supporting Files */,
			);
			path = "TrainingPlan WatchKit App";
			sourceTree = "<group>";
		};
		648A4F871B9141B900B78C2B /* Supporting Files */ = {
			isa = PBXGroup;
			children = (
				648A4F881B9141B900B78C2B /* Info.plist */,
			);
			name = "Supporting Files";
			sourceTree = "<group>";
		};
		648A4FA01B915A2700B78C2B /* ViewControllers */ = {
			isa = PBXGroup;
			children = (
				648A4F981B9158F400B78C2B /* TrainingPlanListViewController.swift */,
				648A4F9A1B91594800B78C2B /* TrainingPlanViewController.swift */,
				648A4F9C1B91598B00B78C2B /* TrainingSessionExerciseViewController.swift */,
				648A4F9E1B9159D500B78C2B /* TrainingSessionCompletionViewController.swift */,
			);
			path = ViewControllers;
			sourceTree = "<group>";
		};
		648A4FA11B915A5400B78C2B /* ViewModels */ = {
			isa = PBXGroup;
			children = (
				648A4FA21B915CF200B78C2B /* TrainingPlanListItemViewModel.swift */,
				648A4FA41B915D0900B78C2B /* TrainingPlanViewModel.swift */,
				648A4FA61B915DA700B78C2B /* TrainingSessionExerciseViewModel.swift */,
				648A4FA81B915DB500B78C2B /* TrainingSessionCompletionViewModel.swift */,
			);
			path = ViewModels;
			sourceTree = "<group>";
		};
/* End PBXGroup section */

/* Begin PBXNativeTarget section */
		648A4F491B91418F00B78C2B /* TrainingPlan */ = {
			isa = PBXNativeTarget;
			buildConfigurationList = 648A4F691B91418F00B78C2B /* Build configuration list for PBXNativeTarget "TrainingPlan" */;
			buildPhases = (
				648A4F461B91418F00B78C2B /* Sources */,
				648A4F471B91418F00B78C2B /* Frameworks */,
				648A4F481B91418F00B78C2B /* Resources */,
				648A4F971B9141B900B78C2B /* Embed App Extensions */,
			);
			buildRules = (
			);
			dependencies = (
				648A4F8F1B9141B900B78C2B /* PBXTargetDependency */,
			);
			name = TrainingPlan;
			productName = TrainingPlan;
			productReference = 648A4F4A1B91418F00B78C2B /* TrainingPlan.app */;
			productType = "com.apple.product-type.application";
		};
		648A4F5E1B91418F00B78C2B /* TrainingPlanTests */ = {
			isa = PBXNativeTarget;
			buildConfigurationList = 648A4F6C1B91418F00B78C2B /* Build configuration list for PBXNativeTarget "TrainingPlanTests" */;
			buildPhases = (
				648A4F5B1B91418F00B78C2B /* Sources */,
				648A4F5C1B91418F00B78C2B /* Frameworks */,
				648A4F5D1B91418F00B78C2B /* Resources */,
			);
			buildRules = (
			);
			dependencies = (
				648A4F611B91418F00B78C2B /* PBXTargetDependency */,
			);
			name = TrainingPlanTests;
			productName = TrainingPlanTests;
			productReference = 648A4F5F1B91418F00B78C2B /* TrainingPlanTests.xctest */;
			productType = "com.apple.product-type.bundle.unit-test";
		};
		648A4F721B9141B900B78C2B /* TrainingPlan WatchKit Extension */ = {
			isa = PBXNativeTarget;
			buildConfigurationList = 648A4F941B9141B900B78C2B /* Build configuration list for PBXNativeTarget "TrainingPlan WatchKit Extension" */;
			buildPhases = (
				648A4F6F1B9141B900B78C2B /* Sources */,
				648A4F701B9141B900B78C2B /* Frameworks */,
				648A4F711B9141B900B78C2B /* Resources */,
			);
			buildRules = (
			);
			dependencies = (
				648A4F851B9141B900B78C2B /* PBXTargetDependency */,
			);
			name = "TrainingPlan WatchKit Extension";
			productName = "TrainingPlan WatchKit Extension";
			productReference = 648A4F731B9141B900B78C2B /* TrainingPlan WatchKit Extension.appex */;
			productType = "com.apple.product-type.watchkit-extension";
		};
		648A4F811B9141B900B78C2B /* TrainingPlan WatchKit App */ = {
			isa = PBXNativeTarget;
			buildConfigurationList = 648A4F911B9141B900B78C2B /* Build configuration list for PBXNativeTarget "TrainingPlan WatchKit App" */;
			buildPhases = (
				648A4F801B9141B900B78C2B /* Resources */,
			);
			buildRules = (
			);
			dependencies = (
			);
			name = "TrainingPlan WatchKit App";
			productName = "TrainingPlan WatchKit App";
			productReference = 648A4F821B9141B900B78C2B /* TrainingPlan WatchKit App.app */;
			productType = "com.apple.product-type.application.watchapp";
		};
/* End PBXNativeTarget section */

/* Begin PBXProject section */
		648A4F421B91418F00B78C2B /* Project object */ = {
			isa = PBXProject;
			attributes = {
				LastUpgradeCheck = 0640;
				ORGANIZATIONNAME = CocoaNomads;
				TargetAttributes = {
					648A4F491B91418F00B78C2B = {
						CreatedOnToolsVersion = 6.4;
					};
					648A4F5E1B91418F00B78C2B = {
						CreatedOnToolsVersion = 6.4;
						TestTargetID = 648A4F491B91418F00B78C2B;
					};
					648A4F721B9141B900B78C2B = {
						CreatedOnToolsVersion = 6.4;
					};
					648A4F811B9141B900B78C2B = {
						CreatedOnToolsVersion = 6.4;
					};
				};
			};
			buildConfigurationList = 648A4F451B91418F00B78C2B /* Build configuration list for PBXProject "TrainingPlan" */;
			compatibilityVersion = "Xcode 3.2";
			developmentRegion = English;
			hasScannedForEncodings = 0;
			knownRegions = (
				en,
				Base,
			);
			mainGroup = 648A4F411B91418F00B78C2B;
			productRefGroup = 648A4F4B1B91418F00B78C2B /* Products */;
			projectDirPath = "";
			projectRoot = "";
			targets = (
				648A4F491B91418F00B78C2B /* TrainingPlan */,
				648A4F5E1B91418F00B78C2B /* TrainingPlanTests */,
				648A4F721B9141B900B78C2B /* TrainingPlan WatchKit Extension */,
				648A4F811B9141B900B78C2B /* TrainingPlan WatchKit App */,
			);
		};
/* End PBXProject section */

/* Begin PBXResourcesBuildPhase section */
		648A4F481B91418F00B78C2B /* Resources */ = {
			isa = PBXResourcesBuildPhase;
			buildActionMask = 2147483647;
			files = (
				648A4F551B91418F00B78C2B /* Main.storyboard in Resources */,
				648A4F5A1B91418F00B78C2B /* LaunchScreen.xib in Resources */,
				648A4F571B91418F00B78C2B /* Images.xcassets in Resources */,
			);
			runOnlyForDeploymentPostprocessing = 0;
		};
		648A4F5D1B91418F00B78C2B /* Resources */ = {
			isa = PBXResourcesBuildPhase;
			buildActionMask = 2147483647;
			files = (
			);
			runOnlyForDeploymentPostprocessing = 0;
		};
		648A4F711B9141B900B78C2B /* Resources */ = {
			isa = PBXResourcesBuildPhase;
			buildActionMask = 2147483647;
			files = (
				648A4F7F1B9141B900B78C2B /* Images.xcassets in Resources */,
				648A4F831B9141B900B78C2B /* TrainingPlan WatchKit App.app in Resources */,
			);
			runOnlyForDeploymentPostprocessing = 0;
		};
		648A4F801B9141B900B78C2B /* Resources */ = {
			isa = PBXResourcesBuildPhase;
			buildActionMask = 2147483647;
			files = (
				648A4F8B1B9141B900B78C2B /* Interface.storyboard in Resources */,
				648A4F8D1B9141B900B78C2B /* Images.xcassets in Resources */,
			);
			runOnlyForDeploymentPostprocessing = 0;
		};
/* End PBXResourcesBuildPhase section */

/* Begin PBXSourcesBuildPhase section */
		648A4F461B91418F00B78C2B /* Sources */ = {
			isa = PBXSourcesBuildPhase;
			buildActionMask = 2147483647;
			files = (
				648A4F521B91418F00B78C2B /* ViewController.swift in Sources */,
				648A4FA91B915DB500B78C2B /* TrainingSessionCompletionViewModel.swift in Sources */,
				648A4FA51B915D0900B78C2B /* TrainingPlanViewModel.swift in Sources */,
				648A4FA71B915DA700B78C2B /* TrainingSessionExerciseViewModel.swift in Sources */,
				648A4F501B91418F00B78C2B /* AppDelegate.swift in Sources */,
				648A4FA31B915CF200B78C2B /* TrainingPlanListItemViewModel.swift in Sources */,
				648A4F9B1B91594800B78C2B /* TrainingPlanViewController.swift in Sources */,
				648A4F9F1B9159D500B78C2B /* TrainingSessionCompletionViewController.swift in Sources */,
				648A4F991B9158F400B78C2B /* TrainingPlanListViewController.swift in Sources */,
				648A4F9D1B91598B00B78C2B /* TrainingSessionExerciseViewController.swift in Sources */,
			);
			runOnlyForDeploymentPostprocessing = 0;
		};
		648A4F5B1B91418F00B78C2B /* Sources */ = {
			isa = PBXSourcesBuildPhase;
			buildActionMask = 2147483647;
			files = (
				648A4F661B91418F00B78C2B /* TrainingPlanTests.swift in Sources */,
			);
			runOnlyForDeploymentPostprocessing = 0;
		};
		648A4F6F1B9141B900B78C2B /* Sources */ = {
			isa = PBXSourcesBuildPhase;
			buildActionMask = 2147483647;
			files = (
				648A4F7B1B9141B900B78C2B /* NotificationController.swift in Sources */,
				648A4F791B9141B900B78C2B /* InterfaceController.swift in Sources */,
				648A4F7D1B9141B900B78C2B /* GlanceController.swift in Sources */,
			);
			runOnlyForDeploymentPostprocessing = 0;
		};
/* End PBXSourcesBuildPhase section */

/* Begin PBXTargetDependency section */
		648A4F611B91418F00B78C2B /* PBXTargetDependency */ = {
			isa = PBXTargetDependency;
			target = 648A4F491B91418F00B78C2B /* TrainingPlan */;
			targetProxy = 648A4F601B91418F00B78C2B /* PBXContainerItemProxy */;
		};
		648A4F851B9141B900B78C2B /* PBXTargetDependency */ = {
			isa = PBXTargetDependency;
			target = 648A4F811B9141B900B78C2B /* TrainingPlan WatchKit App */;
			targetProxy = 648A4F841B9141B900B78C2B /* PBXContainerItemProxy */;
		};
		648A4F8F1B9141B900B78C2B /* PBXTargetDependency */ = {
			isa = PBXTargetDependency;
			target = 648A4F721B9141B900B78C2B /* TrainingPlan WatchKit Extension */;
			targetProxy = 648A4F8E1B9141B900B78C2B /* PBXContainerItemProxy */;
		};
/* End PBXTargetDependency section */

/* Begin PBXVariantGroup section */
		648A4F531B91418F00B78C2B /* Main.storyboard */ = {
			isa = PBXVariantGroup;
			children = (
				648A4F541B91418F00B78C2B /* Base */,
			);
			name = Main.storyboard;
			sourceTree = "<group>";
		};
		648A4F581B91418F00B78C2B /* LaunchScreen.xib */ = {
			isa = PBXVariantGroup;
			children = (
				648A4F591B91418F00B78C2B /* Base */,
			);
			name = LaunchScreen.xib;
			sourceTree = "<group>";
		};
		648A4F891B9141B900B78C2B /* Interface.storyboard */ = {
			isa = PBXVariantGroup;
			children = (
				648A4F8A1B9141B900B78C2B /* Base */,
			);
			name = Interface.storyboard;
			sourceTree = "<group>";
		};
/* End PBXVariantGroup section */

/* Begin XCBuildConfiguration section */
		648A4F671B91418F00B78C2B /* Debug */ = {
			isa = XCBuildConfiguration;
			buildSettings = {
				ALWAYS_SEARCH_USER_PATHS = NO;
				CLANG_CXX_LANGUAGE_STANDARD = "gnu++0x";
				CLANG_CXX_LIBRARY = "libc++";
				CLANG_ENABLE_MODULES = YES;
				CLANG_ENABLE_OBJC_ARC = YES;
				CLANG_WARN_BOOL_CONVERSION = YES;
				CLANG_WARN_CONSTANT_CONVERSION = YES;
				CLANG_WARN_DIRECT_OBJC_ISA_USAGE = YES_ERROR;
				CLANG_WARN_EMPTY_BODY = YES;
				CLANG_WARN_ENUM_CONVERSION = YES;
				CLANG_WARN_INT_CONVERSION = YES;
				CLANG_WARN_OBJC_ROOT_CLASS = YES_ERROR;
				CLANG_WARN_UNREACHABLE_CODE = YES;
				CLANG_WARN__DUPLICATE_METHOD_MATCH = YES;
				"CODE_SIGN_IDENTITY[sdk=iphoneos*]" = "iPhone Developer";
				COPY_PHASE_STRIP = NO;
				DEBUG_INFORMATION_FORMAT = "dwarf-with-dsym";
				ENABLE_STRICT_OBJC_MSGSEND = YES;
				GCC_C_LANGUAGE_STANDARD = gnu99;
				GCC_DYNAMIC_NO_PIC = NO;
				GCC_NO_COMMON_BLOCKS = YES;
				GCC_OPTIMIZATION_LEVEL = 0;
				GCC_PREPROCESSOR_DEFINITIONS = (
					"DEBUG=1",
					"$(inherited)",
				);
				GCC_SYMBOLS_PRIVATE_EXTERN = NO;
				GCC_WARN_64_TO_32_BIT_CONVERSION = YES;
				GCC_WARN_ABOUT_RETURN_TYPE = YES_ERROR;
				GCC_WARN_UNDECLARED_SELECTOR = YES;
				GCC_WARN_UNINITIALIZED_AUTOS = YES_AGGRESSIVE;
				GCC_WARN_UNUSED_FUNCTION = YES;
				GCC_WARN_UNUSED_VARIABLE = YES;
				IPHONEOS_DEPLOYMENT_TARGET = 8.4;
				MTL_ENABLE_DEBUG_INFO = YES;
				ONLY_ACTIVE_ARCH = YES;
				SDKROOT = iphoneos;
				SWIFT_OPTIMIZATION_LEVEL = "-Onone";
				TARGETED_DEVICE_FAMILY = "1,2";
			};
			name = Debug;
		};
		648A4F681B91418F00B78C2B /* Release */ = {
			isa = XCBuildConfiguration;
			buildSettings = {
				ALWAYS_SEARCH_USER_PATHS = NO;
				CLANG_CXX_LANGUAGE_STANDARD = "gnu++0x";
				CLANG_CXX_LIBRARY = "libc++";
				CLANG_ENABLE_MODULES = YES;
				CLANG_ENABLE_OBJC_ARC = YES;
				CLANG_WARN_BOOL_CONVERSION = YES;
				CLANG_WARN_CONSTANT_CONVERSION = YES;
				CLANG_WARN_DIRECT_OBJC_ISA_USAGE = YES_ERROR;
				CLANG_WARN_EMPTY_BODY = YES;
				CLANG_WARN_ENUM_CONVERSION = YES;
				CLANG_WARN_INT_CONVERSION = YES;
				CLANG_WARN_OBJC_ROOT_CLASS = YES_ERROR;
				CLANG_WARN_UNREACHABLE_CODE = YES;
				CLANG_WARN__DUPLICATE_METHOD_MATCH = YES;
				"CODE_SIGN_IDENTITY[sdk=iphoneos*]" = "iPhone Developer";
				COPY_PHASE_STRIP = NO;
				DEBUG_INFORMATION_FORMAT = "dwarf-with-dsym";
				ENABLE_NS_ASSERTIONS = NO;
				ENABLE_STRICT_OBJC_MSGSEND = YES;
				GCC_C_LANGUAGE_STANDARD = gnu99;
				GCC_NO_COMMON_BLOCKS = YES;
				GCC_WARN_64_TO_32_BIT_CONVERSION = YES;
				GCC_WARN_ABOUT_RETURN_TYPE = YES_ERROR;
				GCC_WARN_UNDECLARED_SELECTOR = YES;
				GCC_WARN_UNINITIALIZED_AUTOS = YES_AGGRESSIVE;
				GCC_WARN_UNUSED_FUNCTION = YES;
				GCC_WARN_UNUSED_VARIABLE = YES;
				IPHONEOS_DEPLOYMENT_TARGET = 8.4;
				MTL_ENABLE_DEBUG_INFO = NO;
				SDKROOT = iphoneos;
				TARGETED_DEVICE_FAMILY = "1,2";
				VALIDATE_PRODUCT = YES;
			};
			name = Release;
		};
		648A4F6A1B91418F00B78C2B /* Debug */ = {
			isa = XCBuildConfiguration;
			buildSettings = {
				ASSETCATALOG_COMPILER_APPICON_NAME = AppIcon;
				INFOPLIST_FILE = TrainingPlan/Info.plist;
				LD_RUNPATH_SEARCH_PATHS = "$(inherited) @executable_path/Frameworks";
				PRODUCT_NAME = "$(TARGET_NAME)";
			};
			name = Debug;
		};
		648A4F6B1B91418F00B78C2B /* Release */ = {
			isa = XCBuildConfiguration;
			buildSettings = {
				ASSETCATALOG_COMPILER_APPICON_NAME = AppIcon;
				INFOPLIST_FILE = TrainingPlan/Info.plist;
				LD_RUNPATH_SEARCH_PATHS = "$(inherited) @executable_path/Frameworks";
				PRODUCT_NAME = "$(TARGET_NAME)";
			};
			name = Release;
		};
		648A4F6D1B91418F00B78C2B /* Debug */ = {
			isa = XCBuildConfiguration;
			buildSettings = {
				BUNDLE_LOADER = "$(TEST_HOST)";
				FRAMEWORK_SEARCH_PATHS = (
					"$(SDKROOT)/Developer/Library/Frameworks",
					"$(inherited)",
				);
				GCC_PREPROCESSOR_DEFINITIONS = (
					"DEBUG=1",
					"$(inherited)",
				);
				INFOPLIST_FILE = TrainingPlanTests/Info.plist;
				LD_RUNPATH_SEARCH_PATHS = "$(inherited) @executable_path/Frameworks @loader_path/Frameworks";
				PRODUCT_NAME = "$(TARGET_NAME)";
				TEST_HOST = "$(BUILT_PRODUCTS_DIR)/TrainingPlan.app/TrainingPlan";
			};
			name = Debug;
		};
		648A4F6E1B91418F00B78C2B /* Release */ = {
			isa = XCBuildConfiguration;
			buildSettings = {
				BUNDLE_LOADER = "$(TEST_HOST)";
				FRAMEWORK_SEARCH_PATHS = (
					"$(SDKROOT)/Developer/Library/Frameworks",
					"$(inherited)",
				);
				INFOPLIST_FILE = TrainingPlanTests/Info.plist;
				LD_RUNPATH_SEARCH_PATHS = "$(inherited) @executable_path/Frameworks @loader_path/Frameworks";
				PRODUCT_NAME = "$(TARGET_NAME)";
				TEST_HOST = "$(BUILT_PRODUCTS_DIR)/TrainingPlan.app/TrainingPlan";
			};
			name = Release;
		};
		648A4F921B9141B900B78C2B /* Debug */ = {
			isa = XCBuildConfiguration;
			buildSettings = {
				ASSETCATALOG_COMPILER_APPICON_NAME = AppIcon;
				GCC_PREPROCESSOR_DEFINITIONS = (
					"DEBUG=1",
					"$(inherited)",
				);
				IBSC_MODULE = TrainingPlan_WatchKit_Extension;
				INFOPLIST_FILE = "TrainingPlan WatchKit App/Info.plist";
				IPHONEOS_DEPLOYMENT_TARGET = 8.2;
				PRODUCT_NAME = "$(TARGET_NAME)";
				SKIP_INSTALL = YES;
				TARGETED_DEVICE_FAMILY = 4;
				"TARGETED_DEVICE_FAMILY[sdk=iphonesimulator*]" = "1,4";
			};
			name = Debug;
		};
		648A4F931B9141B900B78C2B /* Release */ = {
			isa = XCBuildConfiguration;
			buildSettings = {
				ASSETCATALOG_COMPILER_APPICON_NAME = AppIcon;
				IBSC_MODULE = TrainingPlan_WatchKit_Extension;
				INFOPLIST_FILE = "TrainingPlan WatchKit App/Info.plist";
				IPHONEOS_DEPLOYMENT_TARGET = 8.2;
				PRODUCT_NAME = "$(TARGET_NAME)";
				SKIP_INSTALL = YES;
				TARGETED_DEVICE_FAMILY = 4;
				"TARGETED_DEVICE_FAMILY[sdk=iphonesimulator*]" = "1,4";
			};
			name = Release;
		};
		648A4F951B9141B900B78C2B /* Debug */ = {
			isa = XCBuildConfiguration;
			buildSettings = {
				GCC_PREPROCESSOR_DEFINITIONS = (
					"DEBUG=1",
					"$(inherited)",
				);
				INFOPLIST_FILE = "TrainingPlan WatchKit Extension/Info.plist";
				LD_RUNPATH_SEARCH_PATHS = "$(inherited) @executable_path/Frameworks @executable_path/../../Frameworks";
				PRODUCT_NAME = "${TARGET_NAME}";
				SKIP_INSTALL = YES;
			};
			name = Debug;
		};
		648A4F961B9141B900B78C2B /* Release */ = {
			isa = XCBuildConfiguration;
			buildSettings = {
				INFOPLIST_FILE = "TrainingPlan WatchKit Extension/Info.plist";
				LD_RUNPATH_SEARCH_PATHS = "$(inherited) @executable_path/Frameworks @executable_path/../../Frameworks";
				PRODUCT_NAME = "${TARGET_NAME}";
				SKIP_INSTALL = YES;
			};
			name = Release;
		};
/* End XCBuildConfiguration section */

/* Begin XCConfigurationList section */
		648A4F451B91418F00B78C2B /* Build configuration list for PBXProject "TrainingPlan" */ = {
			isa = XCConfigurationList;
			buildConfigurations = (
				648A4F671B91418F00B78C2B /* Debug */,
				648A4F681B91418F00B78C2B /* Release */,
			);
			defaultConfigurationIsVisible = 0;
			defaultConfigurationName = Release;
		};
		648A4F691B91418F00B78C2B /* Build configuration list for PBXNativeTarget "TrainingPlan" */ = {
			isa = XCConfigurationList;
			buildConfigurations = (
				648A4F6A1B91418F00B78C2B /* Debug */,
				648A4F6B1B91418F00B78C2B /* Release */,
			);
			defaultConfigurationIsVisible = 0;
		};
		648A4F6C1B91418F00B78C2B /* Build configuration list for PBXNativeTarget "TrainingPlanTests" */ = {
			isa = XCConfigurationList;
			buildConfigurations = (
				648A4F6D1B91418F00B78C2B /* Debug */,
				648A4F6E1B91418F00B78C2B /* Release */,
			);
			defaultConfigurationIsVisible = 0;
		};
		648A4F911B9141B900B78C2B /* Build configuration list for PBXNativeTarget "TrainingPlan WatchKit App" */ = {
			isa = XCConfigurationList;
			buildConfigurations = (
				648A4F921B9141B900B78C2B /* Debug */,
				648A4F931B9141B900B78C2B /* Release */,
			);
			defaultConfigurationIsVisible = 0;
		};
		648A4F941B9141B900B78C2B /* Build configuration list for PBXNativeTarget "TrainingPlan WatchKit Extension" */ = {
			isa = XCConfigurationList;
			buildConfigurations = (
				648A4F951B9141B900B78C2B /* Debug */,
				648A4F961B9141B900B78C2B /* Release */,
			);
			defaultConfigurationIsVisible = 0;
		};
/* End XCConfigurationList section */
	};
	rootObject = 648A4F421B91418F00B78C2B /* Project object */;
}
